{
  "version": 4,
  "terraform_version": "1.11.4",
  "serial": 4,
  "lineage": "c420d4e0-7f90-5c34-0b41-cd4279b32bb9",
  "outputs": {
    "remote_url": {
      "value": "https://github.com/alain-diazquesada/globo-networking.git",
      "type": "string"
    }
  },
  "resources": [
    {
      "mode": "managed",
      "type": "github_branch",
      "name": "main",
      "provider": "provider[\"registry.terraform.io/integrations/github\"]",
      "instances": [
        {
          "schema_version": 0,
          "attributes": {
            "branch": "main",
            "etag": "W/\"4ca0dfabf5afef1e2e6c50686326099077e1ac10c8bfc27715401fb61d903075\"",
            "id": "globo-networking:main",
            "ref": "refs/heads/main",
            "repository": "globo-networking",
            "sha": "d8d0a0d6346deeaadd68be5fdc55cac1aa557c71",
            "source_branch": "main",
            "source_sha": "d8d0a0d6346deeaadd68be5fdc55cac1aa557c71"
          },
          "sensitive_attributes": [],
          "private": "bnVsbA==",
          "dependencies": [
            "github_repository.main"
          ]
        }
      ]
    },
    {
      "mode": "managed",
      "type": "github_branch_default",
      "name": "default",
      "provider": "provider[\"registry.terraform.io/integrations/github\"]",
      "instances": [
        {
          "schema_version": 0,
          "attributes": {
            "branch": "main",
            "etag": "W/\"9728abf2e411a8fafbb5cebc04e70124edc6573beaeff9bcea443f9d830a5dee\"",
            "id": "globo-networking",
            "rename": false,
            "repository": "globo-networking"
          },
          "sensitive_attributes": [],
          "private": "bnVsbA==",
          "dependencies": [
            "github_branch.main",
            "github_repository.main"
          ]
        }
      ]
    },
    {
      "mode": "managed",
      "type": "github_repository",
      "name": "main",
      "provider": "provider[\"registry.terraform.io/integrations/github\"]",
      "instances": [
        {
          "schema_version": 1,
          "attributes": {
            "allow_auto_merge": false,
            "allow_merge_commit": true,
            "allow_rebase_merge": true,
            "allow_squash_merge": true,
            "allow_update_branch": false,
            "archive_on_destroy": null,
            "archived": false,
            "auto_init": true,
            "default_branch": "main",
            "delete_branch_on_merge": false,
            "description": "Terraform Deep Dive Repository for Globomantics Networking",
            "etag": "W/\"9728abf2e411a8fafbb5cebc04e70124edc6573beaeff9bcea443f9d830a5dee\"",
            "full_name": "alain-diazquesada/globo-networking",
            "git_clone_url": "git://github.com/alain-diazquesada/globo-networking.git",
            "gitignore_template": "Terraform",
            "has_discussions": false,
            "has_downloads": false,
            "has_issues": false,
            "has_projects": false,
            "has_wiki": false,
            "homepage_url": "",
            "html_url": "https://github.com/alain-diazquesada/globo-networking",
            "http_clone_url": "https://github.com/alain-diazquesada/globo-networking.git",
            "id": "globo-networking",
            "ignore_vulnerability_alerts_during_read": null,
            "is_template": false,
            "license_template": null,
            "merge_commit_message": "PR_TITLE",
            "merge_commit_title": "MERGE_MESSAGE",
            "name": "globo-networking",
            "node_id": "R_kgDOOe-owg",
            "pages": [],
            "primary_language": "",
            "private": false,
            "repo_id": 972007618,
            "security_and_analysis": [
              {
                "advanced_security": [],
                "secret_scanning": [
                  {
                    "status": "enabled"
                  }
                ],
                "secret_scanning_push_protection": [
                  {
                    "status": "enabled"
                  }
                ]
              }
            ],
            "squash_merge_commit_message": "COMMIT_MESSAGES",
            "squash_merge_commit_title": "COMMIT_OR_PR_TITLE",
            "ssh_clone_url": "git@github.com:alain-diazquesada/globo-networking.git",
            "svn_url": "https://github.com/alain-diazquesada/globo-networking",
            "template": [],
            "topics": [],
            "visibility": "public",
            "vulnerability_alerts": false,
            "web_commit_signoff_required": false
          },
          "sensitive_attributes": [],
          "private": "eyJzY2hlbWFfdmVyc2lvbiI6IjEifQ=="
        }
      ]
    }
  ],
  "check_results": null
}
